// !$*UTF8*$!
{
	archiveVersion = 1;
	classes = {
	};
	objectVersion = 56;
	objects = {

/* Begin PBXBuildFile section */
		706E5A8E2A66BF8E006FEFE0 /* AppDelegate.swift in Sources */ = {isa = PBXBuildFile; fileRef = 706E5A8D2A66BF8E006FEFE0 /* AppDelegate.swift */; };
		706E5A902A66BF8E006FEFE0 /* SceneDelegate.swift in Sources */ = {isa = PBXBuildFile; fileRef = 706E5A8F2A66BF8E006FEFE0 /* SceneDelegate.swift */; };
		706E5A922A66BF8E006FEFE0 /* ViewController.swift in Sources */ = {isa = PBXBuildFile; fileRef = 706E5A912A66BF8E006FEFE0 /* ViewController.swift */; };
		706E5A952A66BF8E006FEFE0 /* Main.storyboard in Resources */ = {isa = PBXBuildFile; fileRef = 706E5A932A66BF8E006FEFE0 /* Main.storyboard */; };
		706E5A972A66BF91006FEFE0 /* Assets.xcassets in Resources */ = {isa = PBXBuildFile; fileRef = 706E5A962A66BF91006FEFE0 /* Assets.xcassets */; };
		706E5A9A2A66BF91006FEFE0 /* LaunchScreen.storyboard in Resources */ = {isa = PBXBuildFile; fileRef = 706E5A982A66BF91006FEFE0 /* LaunchScreen.storyboard */; };
		7088056D2A6962850022CA8E /* TabBarController.swift in Sources */ = {isa = PBXBuildFile; fileRef = 7088056C2A6962850022CA8E /* TabBarController.swift */; };
		7088056F2A696B050022CA8E /* ViewControllerSecond.swift in Sources */ = {isa = PBXBuildFile; fileRef = 7088056E2A696B050022CA8E /* ViewControllerSecond.swift */; };
		70E589622A6FAA72003AFEDB /* ViewControllerThird.swift in Sources */ = {isa = PBXBuildFile; fileRef = 70E589612A6FAA72003AFEDB /* ViewControllerThird.swift */; };
/* End PBXBuildFile section */

/* Begin PBXFileReference section */
		706E5A8A2A66BF8E006FEFE0 /* MarketingApp.app */ = {isa = PBXFileReference; explicitFileType = wrapper.application; includeInIndex = 0; path = MarketingApp.app; sourceTree = BUILT_PRODUCTS_DIR; };
		706E5A8D2A66BF8E006FEFE0 /* AppDelegate.swift */ = {isa = PBXFileReference; lastKnownFileType = sourcecode.swift; path = AppDelegate.swift; sourceTree = "<group>"; };
		706E5A8F2A66BF8E006FEFE0 /* SceneDelegate.swift */ = {isa = PBXFileReference; lastKnownFileType = sourcecode.swift; path = SceneDelegate.swift; sourceTree = "<group>"; };
		706E5A912A66BF8E006FEFE0 /* ViewController.swift */ = {isa = PBXFileReference; lastKnownFileType = sourcecode.swift; path = ViewController.swift; sourceTree = "<group>"; };
		706E5A942A66BF8E006FEFE0 /* Base */ = {isa = PBXFileReference; lastKnownFileType = file.storyboard; name = Base; path = Base.lproj/Main.storyboard; sourceTree = "<group>"; };
		706E5A962A66BF91006FEFE0 /* Assets.xcassets */ = {isa = PBXFileReference; lastKnownFileType = folder.assetcatalog; path = Assets.xcassets; sourceTree = "<group>"; };
		706E5A992A66BF91006FEFE0 /* Base */ = {isa = PBXFileReference; lastKnownFileType = file.storyboard; name = Base; path = Base.lproj/LaunchScreen.storyboard; sourceTree = "<group>"; };
		706E5A9B2A66BF91006FEFE0 /* Info.plist */ = {isa = PBXFileReference; lastKnownFileType = text.plist.xml; path = Info.plist; sourceTree = "<group>"; };
		7088056C2A6962850022CA8E /* TabBarController.swift */ = {isa = PBXFileReference; lastKnownFileType = sourcecode.swift; path = TabBarController.swift; sourceTree = "<group>"; };
		7088056E2A696B050022CA8E /* ViewControllerSecond.swift */ = {isa = PBXFileReference; lastKnownFileType = sourcecode.swift; path = ViewControllerSecond.swift; sourceTree = "<group>"; };
		70E589612A6FAA72003AFEDB /* ViewControllerThird.swift */ = {isa = PBXFileReference; lastKnownFileType = sourcecode.swift; path = ViewControllerThird.swift; sourceTree = "<group>"; };
/* End PBXFileReference section */

/* Begin PBXFrameworksBuildPhase section */
		706E5A872A66BF8E006FEFE0 /* Frameworks */ = {
			isa = PBXFrameworksBuildPhase;
			buildActionMask = 2147483647;
			files = (
			);
			runOnlyForDeploymentPostprocessing = 0;
		};
/* End PBXFrameworksBuildPhase section */

/* Begin PBXGroup section */
		706E5A812A66BF8E006FEFE0 = {
			isa = PBXGroup;
			children = (
				706E5A8C2A66BF8E006FEFE0 /* MarketingApp */,
				706E5A8B2A66BF8E006FEFE0 /* Products */,
			);
			sourceTree = "<group>";
		};
		706E5A8B2A66BF8E006FEFE0 /* Products */ = {
			isa = PBXGroup;
			children = (
				706E5A8A2A66BF8E006FEFE0 /* MarketingApp.app */,
			);
			name = Products;
			sourceTree = "<group>";
		};
		706E5A8C2A66BF8E006FEFE0 /* MarketingApp */ = {
			isa = PBXGroup;
			children = (
				706E5A8D2A66BF8E006FEFE0 /* AppDelegate.swift */,
				706E5A8F2A66BF8E006FEFE0 /* SceneDelegate.swift */,
				706E5A912A66BF8E006FEFE0 /* ViewController.swift */,
				706E5A932A66BF8E006FEFE0 /* Main.storyboard */,
				706E5A962A66BF91006FEFE0 /* Assets.xcassets */,
				706E5A982A66BF91006FEFE0 /* LaunchScreen.storyboard */,
				706E5A9B2A66BF91006FEFE0 /* Info.plist */,
				7088056C2A6962850022CA8E /* TabBarController.swift */,
				7088056E2A696B050022CA8E /* ViewControllerSecond.swift */,
				70E589612A6FAA72003AFEDB /* ViewControllerThird.swift */,
			);
			path = MarketingApp;
			sourceTree = "<group>";
		};
/* End PBXGroup section */

/* Begin PBXNativeTarget section */
		706E5A892A66BF8E006FEFE0 /* MarketingApp */ = {
			isa = PBXNativeTarget;
			buildConfigurationList = 706E5A9E2A66BF91006FEFE0 /* Build configuration list for PBXNativeTarget "MarketingApp" */;
			buildPhases = (
				706E5A862A66BF8E006FEFE0 /* Sources */,
				706E5A872A66BF8E006FEFE0 /* Frameworks */,
				706E5A882A66BF8E006FEFE0 /* Resources */,
			);
			buildRules = (
			);
			dependencies = (
			);
			name = MarketingApp;
			productName = MarketingApp;
			productReference = 706E5A8A2A66BF8E006FEFE0 /* MarketingApp.app */;
			productType = "com.apple.product-type.application";
		};
/* End PBXNativeTarget section */

/* Begin PBXProject section */
		706E5A822A66BF8E006FEFE0 /* Project object */ = {
			isa = PBXProject;
			attributes = {
				BuildIndependentTargetsInParallel = 1;
				LastSwiftUpdateCheck = 1420;
				LastUpgradeCheck = 1420;
				TargetAttributes = {
					706E5A892A66BF8E006FEFE0 = {
						CreatedOnToolsVersion = 14.2;
					};
				};
			};
			buildConfigurationList = 706E5A852A66BF8E006FEFE0 /* Build configuration list for PBXProject "MarketingApp" */;
			compatibilityVersion = "Xcode 14.0";
			developmentRegion = en;
			hasScannedForEncodings = 0;
			knownRegions = (
				en,
				Base,
			);
			mainGroup = 706E5A812A66BF8E006FEFE0;
			productRefGroup = 706E5A8B2A66BF8E006FEFE0 /* Products */;
			projectDirPath = "";
			projectRoot = "";
			targets = (
				706E5A892A66BF8E006FEFE0 /* MarketingApp */,
			);
		};
/* End PBXProject section */

/* Begin PBXResourcesBuildPhase section */
		706E5A882A66BF8E006FEFE0 /* Resources */ = {
			isa = PBXResourcesBuildPhase;
			buildActionMask = 2147483647;
			files = (
				706E5A9A2A66BF91006FEFE0 /* LaunchScreen.storyboard in Resources */,
				706E5A972A66BF91006FEFE0 /* Assets.xcassets in Resources */,
				706E5A952A66BF8E006FEFE0 /* Main.storyboard in Resources */,
			);
			runOnlyForDeploymentPostprocessing = 0;
		};
/* End PBXResourcesBuildPhase section */

/* Begin PBXSourcesBuildPhase section */
		706E5A862A66BF8E006FEFE0 /* Sources */ = {
			isa = PBXSourcesBuildPhase;
			buildActionMask = 2147483647;
			files = (
				706E5A922A66BF8E006FEFE0 /* ViewController.swift in Sources */,
				7088056D2A6962850022CA8E /* TabBarController.swift in Sources */,
				70E589622A6FAA72003AFEDB /* ViewControllerThird.swift in Sources */,
				706E5A8E2A66BF8E006FEFE0 /* AppDelegate.swift in Sources */,
				7088056F2A696B050022CA8E /* ViewControllerSecond.swift in Sources */,
				706E5A902A66BF8E006FEFE0 /* SceneDelegate.swift in Sources */,
			);
			runOnlyForDeploymentPostprocessing = 0;
		};
/* End PBXSourcesBuildPhase section */

/* Begin PBXVariantGroup section */
		706E5A932A66BF8E006FEFE0 /* Main.storyboard */ = {
			isa = PBXVariantGroup;
			children = (
				706E5A942A66BF8E006FEFE0 /* Base */,
			);
			name = Main.storyboard;
			sourceTree = "<group>";
		};
		706E5A982A66BF91006FEFE0 /* LaunchScreen.storyboard */ = {
			isa = PBXVariantGroup;
			children = (
				706E5A992A66BF91006FEFE0 /* Base */,
			);
			name = LaunchScreen.storyboard;
			sourceTree = "<group>";
		};
/* End PBXVariantGroup section */

/* Begin XCBuildConfiguration section */
		706E5A9C2A66BF91006FEFE0 /* Debug */ = {
			isa = XCBuildConfiguration;
			buildSettings = {
				ALWAYS_SEARCH_USER_PATHS = NO;
				CLANG_ANALYZER_NONNULL = YES;
				CLANG_ANALYZER_NUMBER_OBJECT_CONVERSION = YES_AGGRESSIVE;
				CLANG_CXX_LANGUAGE_STANDARD = "gnu++20";
				CLANG_ENABLE_MODULES = YES;
				CLANG_ENABLE_OBJC_ARC = YES;
				CLANG_ENABLE_OBJC_WEAK = YES;
				CLANG_WARN_BLOCK_CAPTURE_AUTORELEASING = YES;
				CLANG_WARN_BOOL_CONVERSION = YES;
				CLANG_WARN_COMMA = YES;
				CLANG_WARN_CONSTANT_CONVERSION = YES;
				CLANG_WARN_DEPRECATED_OBJC_IMPLEMENTATIONS = YES;
				CLANG_WARN_DIRECT_OBJC_ISA_USAGE = YES_ERROR;
				CLANG_WARN_DOCUMENTATION_COMMENTS = YES;
				CLANG_WARN_EMPTY_BODY = YES;
				CLANG_WARN_ENUM_CONVERSION = YES;
				CLANG_WARN_INFINITE_RECURSION = YES;
				CLANG_WARN_INT_CONVERSION = YES;
				CLANG_WARN_NON_LITERAL_NULL_CONVERSION = YES;
				CLANG_WARN_OBJC_IMPLICIT_RETAIN_SELF = YES;
				CLANG_WARN_OBJC_LITERAL_CONVERSION = YES;
				CLANG_WARN_OBJC_ROOT_CLASS = YES_ERROR;
				CLANG_WARN_QUOTED_INCLUDE_IN_FRAMEWORK_HEADER = YES;
				CLANG_WARN_RANGE_LOOP_ANALYSIS = YES;
				CLANG_WARN_STRICT_PROTOTYPES = YES;
				CLANG_WARN_SUSPICIOUS_MOVE = YES;
				CLANG_WARN_UNGUARDED_AVAILABILITY = YES_AGGRESSIVE;
				CLANG_WARN_UNREACHABLE_CODE = YES;
				CLANG_WARN__DUPLICATE_METHOD_MATCH = YES;
				COPY_PHASE_STRIP = NO;
				DEBUG_INFORMATION_FORMAT = dwarf;
				ENABLE_STRICT_OBJC_MSGSEND = YES;
				ENABLE_TESTABILITY = YES;
				GCC_C_LANGUAGE_STANDARD = gnu11;
				GCC_DYNAMIC_NO_PIC = NO;
				GCC_NO_COMMON_BLOCKS = YES;
				GCC_OPTIMIZATION_LEVEL = 0;
				GCC_PREPROCESSOR_DEFINITIONS = (
					"DEBUG=1",
					"$(inherited)",
				);
				GCC_WARN_64_TO_32_BIT_CONVERSION = YES;
				GCC_WARN_ABOUT_RETURN_TYPE = YES_ERROR;
				GCC_WARN_UNDECLARED_SELECTOR = YES;
				GCC_WARN_UNINITIALIZED_AUTOS = YES_AGGRESSIVE;
				GCC_WARN_UNUSED_FUNCTION = YES;
				GCC_WARN_UNUSED_VARIABLE = YES;
				IPHONEOS_DEPLOYMENT_TARGET = 16.2;
				MTL_ENABLE_DEBUG_INFO = INCLUDE_SOURCE;
				MTL_FAST_MATH = YES;
				ONLY_ACTIVE_ARCH = YES;
				SDKROOT = iphoneos;
				SWIFT_ACTIVE_COMPILATION_CONDITIONS = DEBUG;
				SWIFT_OPTIMIZATION_LEVEL = "-Onone";
			};
			name = Debug;
		};
		706E5A9D2A66BF91006FEFE0 /* Release */ = {
			isa = XCBuildConfiguration;
			buildSettings = {
				ALWAYS_SEARCH_USER_PATHS = NO;
				CLANG_ANALYZER_NONNULL = YES;
				CLANG_ANALYZER_NUMBER_OBJECT_CONVERSION = YES_AGGRESSIVE;
				CLANG_CXX_LANGUAGE_STANDARD = "gnu++20";
				CLANG_ENABLE_MODULES = YES;
				CLANG_ENABLE_OBJC_ARC = YES;
				CLANG_ENABLE_OBJC_WEAK = YES;
				CLANG_WARN_BLOCK_CAPTURE_AUTORELEASING = YES;
				CLANG_WARN_BOOL_CONVERSION = YES;
				CLANG_WARN_COMMA = YES;
				CLANG_WARN_CONSTANT_CONVERSION = YES;
				CLANG_WARN_DEPRECATED_OBJC_IMPLEMENTATIONS = YES;
				CLANG_WARN_DIRECT_OBJC_ISA_USAGE = YES_ERROR;
				CLANG_WARN_DOCUMENTATION_COMMENTS = YES;
				CLANG_WARN_EMPTY_BODY = YES;
				CLANG_WARN_ENUM_CONVERSION = YES;
				CLANG_WARN_INFINITE_RECURSION = YES;
				CLANG_WARN_INT_CONVERSION = YES;
				CLANG_WARN_NON_LITERAL_NULL_CONVERSION = YES;
				CLANG_WARN_OBJC_IMPLICIT_RETAIN_SELF = YES;
				CLANG_WARN_OBJC_LITERAL_CONVERSION = YES;
				CLANG_WARN_OBJC_ROOT_CLASS = YES_ERROR;
				CLANG_WARN_QUOTED_INCLUDE_IN_FRAMEWORK_HEADER = YES;
				CLANG_WARN_RANGE_LOOP_ANALYSIS = YES;
				CLANG_WARN_STRICT_PROTOTYPES = YES;
				CLANG_WARN_SUSPICIOUS_MOVE = YES;
				CLANG_WARN_UNGUARDED_AVAILABILITY = YES_AGGRESSIVE;
				CLANG_WARN_UNREACHABLE_CODE = YES;
				CLANG_WARN__DUPLICATE_METHOD_MATCH = YES;
				COPY_PHASE_STRIP = NO;
				DEBUG_INFORMATION_FORMAT = "dwarf-with-dsym";
				ENABLE_NS_ASSERTIONS = NO;
				ENABLE_STRICT_OBJC_MSGSEND = YES;
				GCC_C_LANGUAGE_STANDARD = gnu11;
				GCC_NO_COMMON_BLOCKS = YES;
				GCC_WARN_64_TO_32_BIT_CONVERSION = YES;
				GCC_WARN_ABOUT_RETURN_TYPE = YES_ERROR;
				GCC_WARN_UNDECLARED_SELECTOR = YES;
				GCC_WARN_UNINITIALIZED_AUTOS = YES_AGGRESSIVE;
				GCC_WARN_UNUSED_FUNCTION = YES;
				GCC_WARN_UNUSED_VARIABLE = YES;
				IPHONEOS_DEPLOYMENT_TARGET = 16.2;
				MTL_ENABLE_DEBUG_INFO = NO;
				MTL_FAST_MATH = YES;
				SDKROOT = iphoneos;
				SWIFT_COMPILATION_MODE = wholemodule;
				SWIFT_OPTIMIZATION_LEVEL = "-O";
				VALIDATE_PRODUCT = YES;
			};
			name = Release;
		};
		706E5A9F2A66BF91006FEFE0 /* Debug */ = {
			isa = XCBuildConfiguration;
			buildSettings = {
				ASSETCATALOG_COMPILER_APPICON_NAME = AppIcon;
				ASSETCATALOG_COMPILER_GLOBAL_ACCENT_COLOR_NAME = AccentColor;
				CODE_SIGN_STYLE = Automatic;
				CURRENT_PROJECT_VERSION = 1;
				DEVELOPMENT_TEAM = HN97MQT7HC;
				GENERATE_INFOPLIST_FILE = YES;
				INFOPLIST_FILE = MarketingApp/Info.plist;
				INFOPLIST_KEY_UIApplicationSupportsIndirectInputEvents = YES;
				INFOPLIST_KEY_UILaunchStoryboardName = LaunchScreen;
				INFOPLIST_KEY_UIMainStoryboardFile = Main;
				INFOPLIST_KEY_UISupportedInterfaceOrientations_iPad = "UIInterfaceOrientationPortrait UIInterfaceOrientationPortraitUpsideDown UIInterfaceOrientationLandscapeLeft UIInterfaceOrientationLandscapeRight";
				INFOPLIST_KEY_UISupportedInterfaceOrientations_iPhone = "UIInterfaceOrientationPortrait UIInterfaceOrientationLandscapeLeft UIInterfaceOrientationLandscapeRight";
				LD_RUNPATH_SEARCH_PATHS = (
					"$(inherited)",
					"@executable_path/Frameworks",
				);
				MARKETING_VERSION = 1.0;
				PRODUCT_BUNDLE_IDENTIFIER = com.loginscreen.MarketingApp;
				PRODUCT_NAME = "$(TARGET_NAME)";
				SWIFT_EMIT_LOC_STRINGS = YES;
				SWIFT_VERSION = 5.0;
				TARGETED_DEVICE_FAMILY = "1,2";
			};
			name = Debug;
		};
		706E5AA02A66BF91006FEFE0 /* Release */ = {
			isa = XCBuildConfiguration;
			buildSettings = {
				ASSETCATALOG_COMPILER_APPICON_NAME = AppIcon;
				ASSETCATALOG_COMPILER_GLOBAL_ACCENT_COLOR_NAME = AccentColor;
				CODE_SIGN_STYLE = Automatic;
				CURRENT_PROJECT_VERSION = 1;
				DEVELOPMENT_TEAM = HN97MQT7HC;
				GENERATE_INFOPLIST_FILE = YES;
				INFOPLIST_FILE = MarketingApp/Info.plist;
				INFOPLIST_KEY_UIApplicationSupportsIndirectInputEvents = YES;
				INFOPLIST_KEY_UILaunchStoryboardName = LaunchScreen;
				INFOPLIST_KEY_UIMainStoryboardFile = Main;
				INFOPLIST_KEY_UISupportedInterfaceOrientations_iPad = "UIInterfaceOrientationPortrait UIInterfaceOrientationPortraitUpsideDown UIInterfaceOrientationLandscapeLeft UIInterfaceOrientationLandscapeRight";
				INFOPLIST_KEY_UISupportedInterfaceOrientations_iPhone = "UIInterfaceOrientationPortrait UIInterfaceOrientationLandscapeLeft UIInterfaceOrientationLandscapeRight";
				LD_RUNPATH_SEARCH_PATHS = (
					"$(inherited)",
					"@executable_path/Frameworks",
				);
				MARKETING_VERSION = 1.0;
				PRODUCT_BUNDLE_IDENTIFIER = com.loginscreen.MarketingApp;
				PRODUCT_NAME = "$(TARGET_NAME)";
				SWIFT_EMIT_LOC_STRINGS = YES;
				SWIFT_VERSION = 5.0;
				TARGETED_DEVICE_FAMILY = "1,2";
			};
			name = Release;
		};
/* End XCBuildConfiguration section */

/* Begin XCConfigurationList section */
		706E5A852A66BF8E006FEFE0 /* Build configuration list for PBXProject "MarketingApp" */ = {
			isa = XCConfigurationList;
			buildConfigurations = (
				706E5A9C2A66BF91006FEFE0 /* Debug */,
				706E5A9D2A66BF91006FEFE0 /* Release */,
			);
			defaultConfigurationIsVisible = 0;
			defaultConfigurationName = Release;
		};
		706E5A9E2A66BF91006FEFE0 /* Build configuration list for PBXNativeTarget "MarketingApp" */ = {
			isa = XCConfigurationList;
			buildConfigurations = (
				706E5A9F2A66BF91006FEFE0 /* Debug */,
				706E5AA02A66BF91006FEFE0 /* Release */,
			);
			defaultConfigurationIsVisible = 0;
			defaultConfigurationName = Release;
		};
/* End XCConfigurationList section */
	};
	rootObject = 706E5A822A66BF8E006FEFE0 /* Project object */;
}
